# This file is automatically @generated by Cargo.
# It is not intended for manual editing.
version = 4

[[package]]
name = "panther"
version = "0.0.0"
dependencies = [
 "panther-browser",
]

[[package]]
name = "panther-browser"
version = "0.0.0"
dependencies = [
 "purr-embedding",
]

[[package]]
name = "purr-embedding"
version = "0.0.0"
dependencies = [
 "purr-engine",
]

[[package]]
name = "purr-engine"
version = "0.0.0"
